
Microsoft Visual Studio Solution File, Format Version 12.00
# Visual Studio Version 17
VisualStudioVersion = 17.5.002.0
MinimumVisualStudioVersion = 10.0.40219.1
Project("{9A19103F-16F7-4668-BE54-9A1E7A4F7556}") = "AzureServiceBusToSQL", "AzureServiceBusToSQL.csproj", "{BCAA4755-F4AB-4257-8420-FA7E4EA926E3}"
EndProject
Global
	GlobalSection(SolutionConfigurationPlatforms) = preSolution
		Debug|Any CPU = Debug|Any CPU
		Release|Any CPU = Release|Any CPU
	EndGlobalSection
	GlobalSection(ProjectConfigurationPlatforms) = postSolution
		{BCAA4755-F4AB-4257-8420-FA7E4EA926E3}.Debug|Any CPU.ActiveCfg = Debug|Any CPU
		{BCAA4755-F4AB-4257-8420-FA7E4EA926E3}.Debug|Any CPU.Build.0 = Debug|Any CPU
		{BCAA4755-F4AB-4257-8420-FA7E4EA926E3}.Release|Any CPU.ActiveCfg = Release|Any CPU
		{BCAA4755-F4AB-4257-8420-FA7E4EA926E3}.Release|Any CPU.Build.0 = Release|Any CPU
	EndGlobalSection
	GlobalSection(SolutionProperties) = preSolution
		HideSolutionNode = FALSE
	EndGlobalSection
	GlobalSection(ExtensibilityGlobals) = postSolution
		SolutionGuid = {EB7A027B-D8CA-4E79-A46B-935CD2E0A294}
	EndGlobalSection
EndGlobal
